
Microsoft Visual Studio Solution File, Format Version 12.00
# Visual Studio 15
VisualStudioVersion = 15.0.27703.2042
MinimumVisualStudioVersion = 10.0.40219.1
Project("{FAE04EC0-301F-11D3-BF4B-00C04F79EFBC}") = "MenuLesson", "MenuLesson\MenuLesson.csproj", "{4DCEBF2A-1732-452A-B8CF-84106D7D9CDC}"
EndProject
Global
	GlobalSection(SolutionConfigurationPlatforms) = preSolution
		Debug|Any CPU = Debug|Any CPU
		Release|Any CPU = Release|Any CPU
	EndGlobalSection
	GlobalSection(ProjectConfigurationPlatforms) = postSolution
		{4DCEBF2A-1732-452A-B8CF-84106D7D9CDC}.Debug|Any CPU.ActiveCfg = Debug|Any CPU
		{4DCEBF2A-1732-452A-B8CF-84106D7D9CDC}.Debug|Any CPU.Build.0 = Debug|Any CPU
		{4DCEBF2A-1732-452A-B8CF-84106D7D9CDC}.Release|Any CPU.ActiveCfg = Release|Any CPU
		{4DCEBF2A-1732-452A-B8CF-84106D7D9CDC}.Release|Any CPU.Build.0 = Release|Any CPU
	EndGlobalSection
	GlobalSection(SolutionProperties) = preSolution
		HideSolutionNode = FALSE
	EndGlobalSection
	GlobalSection(ExtensibilityGlobals) = postSolution
		SolutionGuid = {2694875E-80DD-44D2-AA19-54C58D0EF867}
	EndGlobalSection
EndGlobal
